# This file is automatically @generated by Poetry 1.8.2 and should not be changed by hand.

[[package]]
name = "narwhals"
version = "2.2.0"
description = "Extremely lightweight compatibility layer between dataframe libraries"
optional = false
python-versions = ">=3.9"
files = [
    {file = "narwhals-2.2.0-py3-none-any.whl", hash = "sha256:2b5e3d61a486fa4328c286b0c8018b3e781a964947ff725d66ba12f6d5ca3d2a"},
    {file = "narwhals-2.2.0.tar.gz", hash = "sha256:f6a34f2699acabe2c17339c104f0bec28b9f7a55fbc7f8d485d49bea72d12b8a"},
]

[package.extras]
cudf = ["cudf (>=24.10.0)"]
dask = ["dask[dataframe] (>=2024.8)"]
duckdb = ["duckdb (>=1.0)"]
ibis = ["ibis-framework (>=6.0.0)", "packaging", "pyarrow-hotfix", "rich"]
modin = ["modin"]
pandas = ["pandas (>=1.1.3)"]
polars = ["polars (>=0.20.4)"]
pyarrow = ["pyarrow (>=13.0.0)"]
pyspark = ["pyspark (>=3.5.0)"]
pyspark-connect = ["pyspark[connect] (>=3.5.0)"]
sqlframe = ["sqlframe (>=3.22.0)"]

[[package]]
name = "packaging"
version = "25.0"
description = "Core utilities for Python packages"
optional = false
python-versions = ">=3.8"
files = [
    {file = "packaging-25.0-py3-none-any.whl", hash = "sha256:29572ef2b1f17581046b3a2227d5c611fb25ec70ca1ba8554b24b0e69331a484"},
    {file = "packaging-25.0.tar.gz", hash = "sha256:d443872c98d677bf60f6a1f2f8c1cb748e8fe762d2bf9d3148b5599295b0fc4f"},
]

[[package]]
name = "plotly"
version = "6.3.0"
description = "An open-source interactive data visualization library for Python"
optional = false
python-versions = ">=3.8"
files = [
    {file = "plotly-6.3.0-py3-none-any.whl", hash = "sha256:7ad806edce9d3cdd882eaebaf97c0c9e252043ed1ed3d382c3e3520ec07806d4"},
    {file = "plotly-6.3.0.tar.gz", hash = "sha256:8840a184d18ccae0f9189c2b9a2943923fd5cae7717b723f36eef78f444e5a73"},
]

[package.dependencies]
narwhals = ">=1.15.1"
packaging = "*"

[package.extras]
dev = ["plotly[dev-optional]"]
dev-build = ["build", "jupyter", "plotly[dev-core]"]
dev-core = ["pytest", "requests", "ruff (==0.11.12)"]
dev-optional = ["anywidget", "colorcet", "fiona (<=1.9.6)", "geopandas", "inflect", "numpy", "orjson", "pandas", "pdfrw", "pillow", "plotly-geo", "plotly[dev-build]", "plotly[kaleido]", "polars[timezone]", "pyarrow", "pyshp", "pytz", "scikit-image", "scipy", "shapely", "statsmodels", "vaex", "xarray"]
express = ["numpy"]
kaleido = ["kaleido (>=1.0.0)"]

[metadata]
lock-version = "2.0"
python-versions = "^3.12"
content-hash = "9629975ed5c306617a2bae63a8236334f2fa6fdb268a363d46fe1f521ea3a18a"
